
Microsoft Visual Studio Solution File, Format Version 12.00
# Visual Studio Version 16
VisualStudioVersion = 16.0.33927.289
MinimumVisualStudioVersion = 10.0.40219.1
Project("{FAE04EC0-301F-11D3-BF4B-00C04F79EFBC}") = "assignment_7", "assignment_7\assignment_7.csproj", "{432D7A60-581A-43A5-BB95-FF49C66B98FF}"
EndProject
Global
	GlobalSection(SolutionConfigurationPlatforms) = preSolution
		Debug|Any CPU = Debug|Any CPU
		Release|Any CPU = Release|Any CPU
	EndGlobalSection
	GlobalSection(ProjectConfigurationPlatforms) = postSolution
		{432D7A60-581A-43A5-BB95-FF49C66B98FF}.Debug|Any CPU.ActiveCfg = Debug|Any CPU
		{432D7A60-581A-43A5-BB95-FF49C66B98FF}.Debug|Any CPU.Build.0 = Debug|Any CPU
		{432D7A60-581A-43A5-BB95-FF49C66B98FF}.Release|Any CPU.ActiveCfg = Release|Any CPU
		{432D7A60-581A-43A5-BB95-FF49C66B98FF}.Release|Any CPU.Build.0 = Release|Any CPU
	EndGlobalSection
	GlobalSection(SolutionProperties) = preSolution
		HideSolutionNode = FALSE
	EndGlobalSection
	GlobalSection(ExtensibilityGlobals) = postSolution
		SolutionGuid = {B2FDAF94-8A15-4D5E-A7AE-7EBECFEE8EF9}
	EndGlobalSection
EndGlobal
