
Microsoft Visual Studio Solution File, Format Version 12.00
# Visual Studio Version 16
VisualStudioVersion = 16.0.33927.289
MinimumVisualStudioVersion = 10.0.40219.1
Project("{FAE04EC0-301F-11D3-BF4B-00C04F79EFBC}") = "assign3", "assign3\assign3.csproj", "{81717596-7E13-49F0-9B92-8D1ABA70C68A}"
EndProject
Global
	GlobalSection(SolutionConfigurationPlatforms) = preSolution
		Debug|Any CPU = Debug|Any CPU
		Release|Any CPU = Release|Any CPU
	EndGlobalSection
	GlobalSection(ProjectConfigurationPlatforms) = postSolution
		{81717596-7E13-49F0-9B92-8D1ABA70C68A}.Debug|Any CPU.ActiveCfg = Debug|Any CPU
		{81717596-7E13-49F0-9B92-8D1ABA70C68A}.Debug|Any CPU.Build.0 = Debug|Any CPU
		{81717596-7E13-49F0-9B92-8D1ABA70C68A}.Release|Any CPU.ActiveCfg = Release|Any CPU
		{81717596-7E13-49F0-9B92-8D1ABA70C68A}.Release|Any CPU.Build.0 = Release|Any CPU
	EndGlobalSection
	GlobalSection(SolutionProperties) = preSolution
		HideSolutionNode = FALSE
	EndGlobalSection
	GlobalSection(ExtensibilityGlobals) = postSolution
		SolutionGuid = {87567F54-33B3-471E-B8E1-25B9FA0A41FA}
	EndGlobalSection
EndGlobal
