
Microsoft Visual Studio Solution File, Format Version 12.00
# Visual Studio Version 16
VisualStudioVersion = 16.0.33927.289
MinimumVisualStudioVersion = 10.0.40219.1
Project("{FAE04EC0-301F-11D3-BF4B-00C04F79EFBC}") = "test_4", "test_4\test_4.csproj", "{751B460D-5D1E-4280-A74F-902E5C7467B9}"
EndProject
Global
	GlobalSection(SolutionConfigurationPlatforms) = preSolution
		Debug|Any CPU = Debug|Any CPU
		Release|Any CPU = Release|Any CPU
	EndGlobalSection
	GlobalSection(ProjectConfigurationPlatforms) = postSolution
		{751B460D-5D1E-4280-A74F-902E5C7467B9}.Debug|Any CPU.ActiveCfg = Debug|Any CPU
		{751B460D-5D1E-4280-A74F-902E5C7467B9}.Debug|Any CPU.Build.0 = Debug|Any CPU
		{751B460D-5D1E-4280-A74F-902E5C7467B9}.Release|Any CPU.ActiveCfg = Release|Any CPU
		{751B460D-5D1E-4280-A74F-902E5C7467B9}.Release|Any CPU.Build.0 = Release|Any CPU
	EndGlobalSection
	GlobalSection(SolutionProperties) = preSolution
		HideSolutionNode = FALSE
	EndGlobalSection
	GlobalSection(ExtensibilityGlobals) = postSolution
		SolutionGuid = {40858701-883D-40DA-B7E9-73BADBFC5DED}
	EndGlobalSection
EndGlobal
