
Microsoft Visual Studio Solution File, Format Version 12.00
# Visual Studio Version 16
VisualStudioVersion = 16.0.33927.289
MinimumVisualStudioVersion = 10.0.40219.1
Project("{FAE04EC0-301F-11D3-BF4B-00C04F79EFBC}") = "Test1", "Test1\Test1.csproj", "{DDAE9728-AC34-4B5E-8EA9-55AE2B3AE11F}"
EndProject
Global
	GlobalSection(SolutionConfigurationPlatforms) = preSolution
		Debug|Any CPU = Debug|Any CPU
		Release|Any CPU = Release|Any CPU
	EndGlobalSection
	GlobalSection(ProjectConfigurationPlatforms) = postSolution
		{DDAE9728-AC34-4B5E-8EA9-55AE2B3AE11F}.Debug|Any CPU.ActiveCfg = Debug|Any CPU
		{DDAE9728-AC34-4B5E-8EA9-55AE2B3AE11F}.Debug|Any CPU.Build.0 = Debug|Any CPU
		{DDAE9728-AC34-4B5E-8EA9-55AE2B3AE11F}.Release|Any CPU.ActiveCfg = Release|Any CPU
		{DDAE9728-AC34-4B5E-8EA9-55AE2B3AE11F}.Release|Any CPU.Build.0 = Release|Any CPU
	EndGlobalSection
	GlobalSection(SolutionProperties) = preSolution
		HideSolutionNode = FALSE
	EndGlobalSection
	GlobalSection(ExtensibilityGlobals) = postSolution
		SolutionGuid = {D85F5F1F-0821-4F41-A31B-0AF55E0FE70A}
	EndGlobalSection
EndGlobal
