
Microsoft Visual Studio Solution File, Format Version 12.00
# Visual Studio Version 16
VisualStudioVersion = 16.0.33927.289
MinimumVisualStudioVersion = 10.0.40219.1
Project("{FAE04EC0-301F-11D3-BF4B-00C04F79EFBC}") = "ClientRemote", "ClientRemote\ClientRemote.csproj", "{1D1E2FC4-AD6A-4B01-A41E-863DBD85801C}"
EndProject
Global
	GlobalSection(SolutionConfigurationPlatforms) = preSolution
		Debug|Any CPU = Debug|Any CPU
		Release|Any CPU = Release|Any CPU
	EndGlobalSection
	GlobalSection(ProjectConfigurationPlatforms) = postSolution
		{1D1E2FC4-AD6A-4B01-A41E-863DBD85801C}.Debug|Any CPU.ActiveCfg = Debug|Any CPU
		{1D1E2FC4-AD6A-4B01-A41E-863DBD85801C}.Debug|Any CPU.Build.0 = Debug|Any CPU
		{1D1E2FC4-AD6A-4B01-A41E-863DBD85801C}.Release|Any CPU.ActiveCfg = Release|Any CPU
		{1D1E2FC4-AD6A-4B01-A41E-863DBD85801C}.Release|Any CPU.Build.0 = Release|Any CPU
	EndGlobalSection
	GlobalSection(SolutionProperties) = preSolution
		HideSolutionNode = FALSE
	EndGlobalSection
	GlobalSection(ExtensibilityGlobals) = postSolution
		SolutionGuid = {D8B6DBB0-71CA-4E61-A605-C6FB32BFE846}
	EndGlobalSection
EndGlobal
